
Microsoft Visual Studio Solution File, Format Version 12.00
# Visual Studio Version 16
VisualStudioVersion = 16.0.31613.86
MinimumVisualStudioVersion = 10.0.40219.1
Project("{9A19103F-16F7-4668-BE54-9A1E7A4F7556}") = "Sea", "Sea\Sea.csproj", "{4B53D907-447E-45C2-A637-66541776912E}"
EndProject
Project("{9A19103F-16F7-4668-BE54-9A1E7A4F7556}") = "Sea.Models", "Sea.Models\Sea.Models.csproj", "{5780B598-EEA3-4DF1-A24E-85A0F1A0E649}"
EndProject
Project("{9A19103F-16F7-4668-BE54-9A1E7A4F7556}") = "Sea.Repositories", "Sea.Repositories\Sea.Repositories.csproj", "{2BD2FC15-FEEA-4C06-9C09-DEA5BA0AF90E}"
EndProject
Project("{9A19103F-16F7-4668-BE54-9A1E7A4F7556}") = "Sea.Factories", "Sea.Factories\Sea.Factories.csproj", "{73AA6839-6265-484B-8EF5-4C4BFE3AB655}"
EndProject
Project("{9A19103F-16F7-4668-BE54-9A1E7A4F7556}") = "Sea.Tests", "Sea.Tests\Sea.Tests.csproj", "{3834F48C-F6BF-44F6-BAD0-527407FF47CB}"
EndProject
Project("{2150E333-8FDC-42A3-9474-1A3956D46DE8}") = "Lib", "Lib", "{C6335B10-5AAF-4835-B13E-19DC57026BA3}"
EndProject
Project("{9A19103F-16F7-4668-BE54-9A1E7A4F7556}") = "Kalavarda.Primitives", "..\Primitives\Kalavarda.Primitives\Kalavarda.Primitives.csproj", "{9E33A2E8-540E-49A9-9419-92E833E4FD70}"
EndProject
Project("{9A19103F-16F7-4668-BE54-9A1E7A4F7556}") = "Kalavarda.Primitives.WPF", "..\Primitives\Kalavarda.Primitives.WPF\Kalavarda.Primitives.WPF.csproj", "{A2A40794-7619-4E8C-A686-0BCF73224B8C}"
EndProject
Global
	GlobalSection(SolutionConfigurationPlatforms) = preSolution
		Debug|Any CPU = Debug|Any CPU
		Release|Any CPU = Release|Any CPU
	EndGlobalSection
	GlobalSection(ProjectConfigurationPlatforms) = postSolution
		{4B53D907-447E-45C2-A637-66541776912E}.Debug|Any CPU.ActiveCfg = Debug|Any CPU
		{4B53D907-447E-45C2-A637-66541776912E}.Debug|Any CPU.Build.0 = Debug|Any CPU
		{4B53D907-447E-45C2-A637-66541776912E}.Release|Any CPU.ActiveCfg = Release|Any CPU
		{4B53D907-447E-45C2-A637-66541776912E}.Release|Any CPU.Build.0 = Release|Any CPU
		{5780B598-EEA3-4DF1-A24E-85A0F1A0E649}.Debug|Any CPU.ActiveCfg = Debug|Any CPU
		{5780B598-EEA3-4DF1-A24E-85A0F1A0E649}.Debug|Any CPU.Build.0 = Debug|Any CPU
		{5780B598-EEA3-4DF1-A24E-85A0F1A0E649}.Release|Any CPU.ActiveCfg = Release|Any CPU
		{5780B598-EEA3-4DF1-A24E-85A0F1A0E649}.Release|Any CPU.Build.0 = Release|Any CPU
		{2BD2FC15-FEEA-4C06-9C09-DEA5BA0AF90E}.Debug|Any CPU.ActiveCfg = Debug|Any CPU
		{2BD2FC15-FEEA-4C06-9C09-DEA5BA0AF90E}.Debug|Any CPU.Build.0 = Debug|Any CPU
		{2BD2FC15-FEEA-4C06-9C09-DEA5BA0AF90E}.Release|Any CPU.ActiveCfg = Release|Any CPU
		{2BD2FC15-FEEA-4C06-9C09-DEA5BA0AF90E}.Release|Any CPU.Build.0 = Release|Any CPU
		{73AA6839-6265-484B-8EF5-4C4BFE3AB655}.Debug|Any CPU.ActiveCfg = Debug|Any CPU
		{73AA6839-6265-484B-8EF5-4C4BFE3AB655}.Debug|Any CPU.Build.0 = Debug|Any CPU
		{73AA6839-6265-484B-8EF5-4C4BFE3AB655}.Release|Any CPU.ActiveCfg = Release|Any CPU
		{73AA6839-6265-484B-8EF5-4C4BFE3AB655}.Release|Any CPU.Build.0 = Release|Any CPU
		{3834F48C-F6BF-44F6-BAD0-527407FF47CB}.Debug|Any CPU.ActiveCfg = Debug|Any CPU
		{3834F48C-F6BF-44F6-BAD0-527407FF47CB}.Debug|Any CPU.Build.0 = Debug|Any CPU
		{3834F48C-F6BF-44F6-BAD0-527407FF47CB}.Release|Any CPU.ActiveCfg = Release|Any CPU
		{3834F48C-F6BF-44F6-BAD0-527407FF47CB}.Release|Any CPU.Build.0 = Release|Any CPU
		{9E33A2E8-540E-49A9-9419-92E833E4FD70}.Debug|Any CPU.ActiveCfg = Debug|Any CPU
		{9E33A2E8-540E-49A9-9419-92E833E4FD70}.Debug|Any CPU.Build.0 = Debug|Any CPU
		{9E33A2E8-540E-49A9-9419-92E833E4FD70}.Release|Any CPU.ActiveCfg = Release|Any CPU
		{9E33A2E8-540E-49A9-9419-92E833E4FD70}.Release|Any CPU.Build.0 = Release|Any CPU
		{A2A40794-7619-4E8C-A686-0BCF73224B8C}.Debug|Any CPU.ActiveCfg = Debug|Any CPU
		{A2A40794-7619-4E8C-A686-0BCF73224B8C}.Debug|Any CPU.Build.0 = Debug|Any CPU
		{A2A40794-7619-4E8C-A686-0BCF73224B8C}.Release|Any CPU.ActiveCfg = Release|Any CPU
		{A2A40794-7619-4E8C-A686-0BCF73224B8C}.Release|Any CPU.Build.0 = Release|Any CPU
	EndGlobalSection
	GlobalSection(SolutionProperties) = preSolution
		HideSolutionNode = FALSE
	EndGlobalSection
	GlobalSection(NestedProjects) = preSolution
		{9E33A2E8-540E-49A9-9419-92E833E4FD70} = {C6335B10-5AAF-4835-B13E-19DC57026BA3}
		{A2A40794-7619-4E8C-A686-0BCF73224B8C} = {C6335B10-5AAF-4835-B13E-19DC57026BA3}
	EndGlobalSection
	GlobalSection(ExtensibilityGlobals) = postSolution
		SolutionGuid = {7714892D-5A42-4EF0-B7D5-8F0ABEFA8892}
	EndGlobalSection
EndGlobal
